
Microsoft Visual Studio Solution File, Format Version 12.00
# Visual Studio 15
VisualStudioVersion = 15.0.28010.2041
MinimumVisualStudioVersion = 10.0.40219.1
Project("{FAE04EC0-301F-11D3-BF4B-00C04F79EFBC}") = "Hangman", "Hangman\Hangman.csproj", "{08D15141-C996-4751-ADA7-60D2478C8594}"
EndProject
Global
	GlobalSection(SolutionConfigurationPlatforms) = preSolution
		Debug|Any CPU = Debug|Any CPU
		Release|Any CPU = Release|Any CPU
	EndGlobalSection
	GlobalSection(ProjectConfigurationPlatforms) = postSolution
		{08D15141-C996-4751-ADA7-60D2478C8594}.Debug|Any CPU.ActiveCfg = Debug|Any CPU
		{08D15141-C996-4751-ADA7-60D2478C8594}.Debug|Any CPU.Build.0 = Debug|Any CPU
		{08D15141-C996-4751-ADA7-60D2478C8594}.Release|Any CPU.ActiveCfg = Release|Any CPU
		{08D15141-C996-4751-ADA7-60D2478C8594}.Release|Any CPU.Build.0 = Release|Any CPU
	EndGlobalSection
	GlobalSection(SolutionProperties) = preSolution
		HideSolutionNode = FALSE
	EndGlobalSection
	GlobalSection(ExtensibilityGlobals) = postSolution
		SolutionGuid = {FEBB12B9-FEFB-4683-A83E-56620EBB178D}
	EndGlobalSection
EndGlobal
